
Microsoft Visual Studio Solution File, Format Version 12.00
# Visual Studio Version 16
VisualStudioVersion = 16.0.29326.143
MinimumVisualStudioVersion = 10.0.40219.1
Project("{FAE04EC0-301F-11D3-BF4B-00C04F79EFBC}") = "DixonBriones3APILAYCOLA", "DixonBriones3APILAYCOLA\DixonBriones3APILAYCOLA.csproj", "{59AF1E37-1485-4AFB-8E54-01722584E5B5}"
EndProject
Global
	GlobalSection(SolutionConfigurationPlatforms) = preSolution
		Debug|Any CPU = Debug|Any CPU
		Release|Any CPU = Release|Any CPU
	EndGlobalSection
	GlobalSection(ProjectConfigurationPlatforms) = postSolution
		{59AF1E37-1485-4AFB-8E54-01722584E5B5}.Debug|Any CPU.ActiveCfg = Debug|Any CPU
		{59AF1E37-1485-4AFB-8E54-01722584E5B5}.Debug|Any CPU.Build.0 = Debug|Any CPU
		{59AF1E37-1485-4AFB-8E54-01722584E5B5}.Release|Any CPU.ActiveCfg = Release|Any CPU
		{59AF1E37-1485-4AFB-8E54-01722584E5B5}.Release|Any CPU.Build.0 = Release|Any CPU
	EndGlobalSection
	GlobalSection(SolutionProperties) = preSolution
		HideSolutionNode = FALSE
	EndGlobalSection
	GlobalSection(ExtensibilityGlobals) = postSolution
		SolutionGuid = {5E590C0F-13F9-483E-9B40-15BD6E5327FE}
	EndGlobalSection
EndGlobal
